Microsoft Visual Studio Solution File, Format Version 12.00
# Visual Studio 2012
Project("{FAE04EC0-301F-11D3-BF4B-00C04F79EFBC}") = "Godot Sentry Example", "Godot Sentry Example.csproj", "{03794044-3E4F-4DAB-9ADB-61E4B32AA0C3}"
EndProject
Global
	GlobalSection(SolutionConfigurationPlatforms) = preSolution
	Debug|Any CPU = Debug|Any CPU
	Release|Any CPU = Release|Any CPU
	Tools|Any CPU = Tools|Any CPU
	EndGlobalSection
	GlobalSection(ProjectConfigurationPlatforms) = postSolution
		{03794044-3E4F-4DAB-9ADB-61E4B32AA0C3}.Debug|Any CPU.ActiveCfg = Debug|Any CPU
		{03794044-3E4F-4DAB-9ADB-61E4B32AA0C3}.Debug|Any CPU.Build.0 = Debug|Any CPU
		{03794044-3E4F-4DAB-9ADB-61E4B32AA0C3}.Release|Any CPU.ActiveCfg = Release|Any CPU
		{03794044-3E4F-4DAB-9ADB-61E4B32AA0C3}.Release|Any CPU.Build.0 = Release|Any CPU
		{03794044-3E4F-4DAB-9ADB-61E4B32AA0C3}.Tools|Any CPU.ActiveCfg = Tools|Any CPU
		{03794044-3E4F-4DAB-9ADB-61E4B32AA0C3}.Tools|Any CPU.Build.0 = Tools|Any CPU
	EndGlobalSection
EndGlobal
